
Microsoft Visual Studio Solution File, Format Version 12.00
#
Project("{FAE04EC0-301F-11D3-BF4B-00C04F79EFBC}") = "ResumeGenerator.ApiService.Web", "ResumeGenerator.ApiService.Web\ResumeGenerator.ApiService.Web.csproj", "{BC9998F8-DBAF-437D-83A2-725A3FD3EF32}"
EndProject
Project("{FAE04EC0-301F-11D3-BF4B-00C04F79EFBC}") = "ResumeGenerator.ApiService.Data", "ResumeGenerator.ApiService.Data\ResumeGenerator.ApiService.Data.csproj", "{E34E7C08-3A24-4EC9-B05C-C55A1DBC266B}"
EndProject
Project("{FAE04EC0-301F-11D3-BF4B-00C04F79EFBC}") = "ResumeGenerator.ApiService.Application", "ResumeGenerator.ApiService.Application\ResumeGenerator.ApiService.Application.csproj", "{ED8B9286-47D3-4B9D-86FB-7865562C9B72}"
EndProject
Project("{FAE04EC0-301F-11D3-BF4B-00C04F79EFBC}") = "ResumeGenerator.Common", "..\ResumeGenerator.Common\ResumeGenerator.Common.csproj", "{311B432C-1938-4D70-BC3F-D87E1AF00804}"
EndProject
Project("{FAE04EC0-301F-11D3-BF4B-00C04F79EFBC}") = "Grpc", "Grpc\Grpc.csproj", "{7CD93384-A952-4556-8769-6F6C43E669DD}"
EndProject
Global
	GlobalSection(SolutionConfigurationPlatforms) = preSolution
		Debug|Any CPU = Debug|Any CPU
		Release|Any CPU = Release|Any CPU
	EndGlobalSection
	GlobalSection(ProjectConfigurationPlatforms) = postSolution
		{BC9998F8-DBAF-437D-83A2-725A3FD3EF32}.Debug|Any CPU.ActiveCfg = Debug|Any CPU
		{BC9998F8-DBAF-437D-83A2-725A3FD3EF32}.Debug|Any CPU.Build.0 = Debug|Any CPU
		{BC9998F8-DBAF-437D-83A2-725A3FD3EF32}.Release|Any CPU.ActiveCfg = Release|Any CPU
		{BC9998F8-DBAF-437D-83A2-725A3FD3EF32}.Release|Any CPU.Build.0 = Release|Any CPU
		{E34E7C08-3A24-4EC9-B05C-C55A1DBC266B}.Debug|Any CPU.ActiveCfg = Debug|Any CPU
		{E34E7C08-3A24-4EC9-B05C-C55A1DBC266B}.Debug|Any CPU.Build.0 = Debug|Any CPU
		{E34E7C08-3A24-4EC9-B05C-C55A1DBC266B}.Release|Any CPU.ActiveCfg = Release|Any CPU
		{E34E7C08-3A24-4EC9-B05C-C55A1DBC266B}.Release|Any CPU.Build.0 = Release|Any CPU
		{ED8B9286-47D3-4B9D-86FB-7865562C9B72}.Debug|Any CPU.ActiveCfg = Debug|Any CPU
		{ED8B9286-47D3-4B9D-86FB-7865562C9B72}.Debug|Any CPU.Build.0 = Debug|Any CPU
		{ED8B9286-47D3-4B9D-86FB-7865562C9B72}.Release|Any CPU.ActiveCfg = Release|Any CPU
		{ED8B9286-47D3-4B9D-86FB-7865562C9B72}.Release|Any CPU.Build.0 = Release|Any CPU
		{311B432C-1938-4D70-BC3F-D87E1AF00804}.Debug|Any CPU.ActiveCfg = Debug|Any CPU
		{311B432C-1938-4D70-BC3F-D87E1AF00804}.Debug|Any CPU.Build.0 = Debug|Any CPU
		{311B432C-1938-4D70-BC3F-D87E1AF00804}.Release|Any CPU.ActiveCfg = Release|Any CPU
		{311B432C-1938-4D70-BC3F-D87E1AF00804}.Release|Any CPU.Build.0 = Release|Any CPU
		{7CD93384-A952-4556-8769-6F6C43E669DD}.Debug|Any CPU.ActiveCfg = Debug|Any CPU
		{7CD93384-A952-4556-8769-6F6C43E669DD}.Debug|Any CPU.Build.0 = Debug|Any CPU
		{7CD93384-A952-4556-8769-6F6C43E669DD}.Release|Any CPU.ActiveCfg = Release|Any CPU
		{7CD93384-A952-4556-8769-6F6C43E669DD}.Release|Any CPU.Build.0 = Release|Any CPU
	EndGlobalSection
EndGlobal
