<Solution>
  <Project Path="..\ResumeGenerator.Common\ResumeGenerator.Common.csproj" Type="Classic C#" />
  <Project Path="ResumeGenerator.GeneratorService.Core\ResumeGenerator.GeneratorService.Core.csproj" Type="Classic C#" />
  <Project Path="ResumeGenerator.GeneratorService.Grpc\ResumeGenerator.GeneratorService.Grpc.csproj" Type="Classic C#" />
  <Project Path="ResumeGenerator.GeneratorService.Infrastructure\ResumeGenerator.GeneratorService.Infrastructure.csproj" Type="Classic C#" />
  <Project Path="ResumeGenerator.GeneratorService.Worker\ResumeGenerator.GeneratorService.Worker.csproj" Type="Classic C#" />
</Solution>